
Microsoft Visual Studio Solution File, Format Version 12.00
# Visual Studio Version 17
VisualStudioVersion = 17.0.32112.339
MinimumVisualStudioVersion = 10.0.40219.1
Project("{FAE04EC0-301F-11D3-BF4B-00C04F79EFBC}") = "01. Action Print", "01. Action Print\01. Action Print.csproj", "{355BDD87-6646-4E48-8EE6-3796D813FB72}"
EndProject
Project("{FAE04EC0-301F-11D3-BF4B-00C04F79EFBC}") = "02. Knights of Honor", "02. Knights of Honor\02. Knights of Honor.csproj", "{93DF6C9B-7B88-442D-B7D8-BF2203C3D399}"
EndProject
Global
	GlobalSection(SolutionConfigurationPlatforms) = preSolution
		Debug|Any CPU = Debug|Any CPU
		Release|Any CPU = Release|Any CPU
	EndGlobalSection
	GlobalSection(ProjectConfigurationPlatforms) = postSolution
		{355BDD87-6646-4E48-8EE6-3796D813FB72}.Debug|Any CPU.ActiveCfg = Debug|Any CPU
		{355BDD87-6646-4E48-8EE6-3796D813FB72}.Debug|Any CPU.Build.0 = Debug|Any CPU
		{355BDD87-6646-4E48-8EE6-3796D813FB72}.Release|Any CPU.ActiveCfg = Release|Any CPU
		{355BDD87-6646-4E48-8EE6-3796D813FB72}.Release|Any CPU.Build.0 = Release|Any CPU
		{93DF6C9B-7B88-442D-B7D8-BF2203C3D399}.Debug|Any CPU.ActiveCfg = Debug|Any CPU
		{93DF6C9B-7B88-442D-B7D8-BF2203C3D399}.Debug|Any CPU.Build.0 = Debug|Any CPU
		{93DF6C9B-7B88-442D-B7D8-BF2203C3D399}.Release|Any CPU.ActiveCfg = Release|Any CPU
		{93DF6C9B-7B88-442D-B7D8-BF2203C3D399}.Release|Any CPU.Build.0 = Release|Any CPU
	EndGlobalSection
	GlobalSection(SolutionProperties) = preSolution
		HideSolutionNode = FALSE
	EndGlobalSection
	GlobalSection(ExtensibilityGlobals) = postSolution
		SolutionGuid = {5BFDAD49-89E0-41B5-8FA4-3FCD872552F3}
	EndGlobalSection
EndGlobal
