
Microsoft Visual Studio Solution File, Format Version 12.00
# Visual Studio Version 17
VisualStudioVersion = 17.0.32112.339
MinimumVisualStudioVersion = 10.0.40219.1
Project("{9A19103F-16F7-4668-BE54-9A1E7A4F7556}") = "01. Action Print", "01. Action Print\01. Action Print.csproj", "{355BDD87-6646-4E48-8EE6-3796D813FB72}"
EndProject
Project("{9A19103F-16F7-4668-BE54-9A1E7A4F7556}") = "02. Knights of Honor", "02. Knights of Honor\02. Knights of Honor.csproj", "{93DF6C9B-7B88-442D-B7D8-BF2203C3D399}"
EndProject
Project("{9A19103F-16F7-4668-BE54-9A1E7A4F7556}") = "03. Custom Min Function", "03. Custom Min Function\03. Custom Min Function.csproj", "{1A5BA3E8-B023-44DB-BDF8-D024C592B7B4}"
EndProject
Project("{9A19103F-16F7-4668-BE54-9A1E7A4F7556}") = "04. Find Evens or Odds", "04. Find Evens or Odds\04. Find Evens or Odds.csproj", "{BE9DE622-FB28-417E-B686-04C39A83BEA4}"
EndProject
Project("{9A19103F-16F7-4668-BE54-9A1E7A4F7556}") = "05. Applied Arithmetics", "05. Applied Arithmetics\05. Applied Arithmetics.csproj", "{D5DFD33F-C485-45AA-A8C7-D24C460EB60D}"
EndProject
Project("{9A19103F-16F7-4668-BE54-9A1E7A4F7556}") = "06. Reverse And Exclude", "06. Reverse And Exclude\06. Reverse And Exclude.csproj", "{2FA084A0-7C7D-4BB6-BA82-94024D77CC83}"
EndProject
Project("{9A19103F-16F7-4668-BE54-9A1E7A4F7556}") = "07. Predicate For Names", "07. Predicate For Names\07. Predicate For Names.csproj", "{3FE3651D-6892-4E95-B919-B373BF085881}"
EndProject
Project("{9A19103F-16F7-4668-BE54-9A1E7A4F7556}") = "08. List Of Predicates", "08. List Of Predicates\08. List Of Predicates.csproj", "{6D9FDFD9-36FB-44EF-A83B-D9BF8A454FD3}"
EndProject
Project("{9A19103F-16F7-4668-BE54-9A1E7A4F7556}") = "09. Predicate Party!", "09. Predicate Party!\09. Predicate Party!.csproj", "{C5344360-7EDB-4446-BBC4-99CBF7BBAD06}"
EndProject
Project("{9A19103F-16F7-4668-BE54-9A1E7A4F7556}") = "10. The Party Reservation Filter Module", "10. The Party Reservation Filter Module\10. The Party Reservation Filter Module.csproj", "{9A7228DE-2B38-43ED-9D52-0D7713FF0B81}"
EndProject
Project("{FAE04EC0-301F-11D3-BF4B-00C04F79EFBC}") = "11. TriFunction", "11. TriFunction\11. TriFunction.csproj", "{88D37CAA-1F0F-4FD1-9B0E-CBB1BCE2A7A5}"
EndProject
Global
	GlobalSection(SolutionConfigurationPlatforms) = preSolution
		Debug|Any CPU = Debug|Any CPU
		Release|Any CPU = Release|Any CPU
	EndGlobalSection
	GlobalSection(ProjectConfigurationPlatforms) = postSolution
		{355BDD87-6646-4E48-8EE6-3796D813FB72}.Debug|Any CPU.ActiveCfg = Debug|Any CPU
		{355BDD87-6646-4E48-8EE6-3796D813FB72}.Debug|Any CPU.Build.0 = Debug|Any CPU
		{355BDD87-6646-4E48-8EE6-3796D813FB72}.Release|Any CPU.ActiveCfg = Release|Any CPU
		{355BDD87-6646-4E48-8EE6-3796D813FB72}.Release|Any CPU.Build.0 = Release|Any CPU
		{93DF6C9B-7B88-442D-B7D8-BF2203C3D399}.Debug|Any CPU.ActiveCfg = Debug|Any CPU
		{93DF6C9B-7B88-442D-B7D8-BF2203C3D399}.Debug|Any CPU.Build.0 = Debug|Any CPU
		{93DF6C9B-7B88-442D-B7D8-BF2203C3D399}.Release|Any CPU.ActiveCfg = Release|Any CPU
		{93DF6C9B-7B88-442D-B7D8-BF2203C3D399}.Release|Any CPU.Build.0 = Release|Any CPU
		{1A5BA3E8-B023-44DB-BDF8-D024C592B7B4}.Debug|Any CPU.ActiveCfg = Debug|Any CPU
		{1A5BA3E8-B023-44DB-BDF8-D024C592B7B4}.Debug|Any CPU.Build.0 = Debug|Any CPU
		{1A5BA3E8-B023-44DB-BDF8-D024C592B7B4}.Release|Any CPU.ActiveCfg = Release|Any CPU
		{1A5BA3E8-B023-44DB-BDF8-D024C592B7B4}.Release|Any CPU.Build.0 = Release|Any CPU
		{BE9DE622-FB28-417E-B686-04C39A83BEA4}.Debug|Any CPU.ActiveCfg = Debug|Any CPU
		{BE9DE622-FB28-417E-B686-04C39A83BEA4}.Debug|Any CPU.Build.0 = Debug|Any CPU
		{BE9DE622-FB28-417E-B686-04C39A83BEA4}.Release|Any CPU.ActiveCfg = Release|Any CPU
		{BE9DE622-FB28-417E-B686-04C39A83BEA4}.Release|Any CPU.Build.0 = Release|Any CPU
		{D5DFD33F-C485-45AA-A8C7-D24C460EB60D}.Debug|Any CPU.ActiveCfg = Debug|Any CPU
		{D5DFD33F-C485-45AA-A8C7-D24C460EB60D}.Debug|Any CPU.Build.0 = Debug|Any CPU
		{D5DFD33F-C485-45AA-A8C7-D24C460EB60D}.Release|Any CPU.ActiveCfg = Release|Any CPU
		{D5DFD33F-C485-45AA-A8C7-D24C460EB60D}.Release|Any CPU.Build.0 = Release|Any CPU
		{2FA084A0-7C7D-4BB6-BA82-94024D77CC83}.Debug|Any CPU.ActiveCfg = Debug|Any CPU
		{2FA084A0-7C7D-4BB6-BA82-94024D77CC83}.Debug|Any CPU.Build.0 = Debug|Any CPU
		{2FA084A0-7C7D-4BB6-BA82-94024D77CC83}.Release|Any CPU.ActiveCfg = Release|Any CPU
		{2FA084A0-7C7D-4BB6-BA82-94024D77CC83}.Release|Any CPU.Build.0 = Release|Any CPU
		{3FE3651D-6892-4E95-B919-B373BF085881}.Debug|Any CPU.ActiveCfg = Debug|Any CPU
		{3FE3651D-6892-4E95-B919-B373BF085881}.Debug|Any CPU.Build.0 = Debug|Any CPU
		{3FE3651D-6892-4E95-B919-B373BF085881}.Release|Any CPU.ActiveCfg = Release|Any CPU
		{3FE3651D-6892-4E95-B919-B373BF085881}.Release|Any CPU.Build.0 = Release|Any CPU
		{6D9FDFD9-36FB-44EF-A83B-D9BF8A454FD3}.Debug|Any CPU.ActiveCfg = Debug|Any CPU
		{6D9FDFD9-36FB-44EF-A83B-D9BF8A454FD3}.Debug|Any CPU.Build.0 = Debug|Any CPU
		{6D9FDFD9-36FB-44EF-A83B-D9BF8A454FD3}.Release|Any CPU.ActiveCfg = Release|Any CPU
		{6D9FDFD9-36FB-44EF-A83B-D9BF8A454FD3}.Release|Any CPU.Build.0 = Release|Any CPU
		{C5344360-7EDB-4446-BBC4-99CBF7BBAD06}.Debug|Any CPU.ActiveCfg = Debug|Any CPU
		{C5344360-7EDB-4446-BBC4-99CBF7BBAD06}.Debug|Any CPU.Build.0 = Debug|Any CPU
		{C5344360-7EDB-4446-BBC4-99CBF7BBAD06}.Release|Any CPU.ActiveCfg = Release|Any CPU
		{C5344360-7EDB-4446-BBC4-99CBF7BBAD06}.Release|Any CPU.Build.0 = Release|Any CPU
		{9A7228DE-2B38-43ED-9D52-0D7713FF0B81}.Debug|Any CPU.ActiveCfg = Debug|Any CPU
		{9A7228DE-2B38-43ED-9D52-0D7713FF0B81}.Debug|Any CPU.Build.0 = Debug|Any CPU
		{9A7228DE-2B38-43ED-9D52-0D7713FF0B81}.Release|Any CPU.ActiveCfg = Release|Any CPU
		{9A7228DE-2B38-43ED-9D52-0D7713FF0B81}.Release|Any CPU.Build.0 = Release|Any CPU
		{88D37CAA-1F0F-4FD1-9B0E-CBB1BCE2A7A5}.Debug|Any CPU.ActiveCfg = Debug|Any CPU
		{88D37CAA-1F0F-4FD1-9B0E-CBB1BCE2A7A5}.Debug|Any CPU.Build.0 = Debug|Any CPU
		{88D37CAA-1F0F-4FD1-9B0E-CBB1BCE2A7A5}.Release|Any CPU.ActiveCfg = Release|Any CPU
		{88D37CAA-1F0F-4FD1-9B0E-CBB1BCE2A7A5}.Release|Any CPU.Build.0 = Release|Any CPU
	EndGlobalSection
	GlobalSection(SolutionProperties) = preSolution
		HideSolutionNode = FALSE
	EndGlobalSection
	GlobalSection(ExtensibilityGlobals) = postSolution
		SolutionGuid = {5BFDAD49-89E0-41B5-8FA4-3FCD872552F3}
	EndGlobalSection
EndGlobal
